// !$*UTF8*$!
{
	archiveVersion = 1;
	classes = {
	};
	objectVersion = 46;
	objects = {

/* Begin PBXBuildFile section */
		42B9FD0B1F72946C0090136F /* main.m in Sources */ = {isa = PBXBuildFile; fileRef = 42B9FD0A1F72946C0090136F /* main.m */; };
		42B9FD0E1F72946C0090136F /* AppDelegate.m in Sources */ = {isa = PBXBuildFile; fileRef = 42B9FD0D1F72946C0090136F /* AppDelegate.m */; };
		42B9FD141F72946C0090136F /* Main.storyboard in Resources */ = {isa = PBXBuildFile; fileRef = 42B9FD121F72946C0090136F /* Main.storyboard */; };
		42B9FD161F72946C0090136F /* Assets.xcassets in Resources */ = {isa = PBXBuildFile; fileRef = 42B9FD151F72946C0090136F /* Assets.xcassets */; };
		42B9FD191F72946C0090136F /* LaunchScreen.storyboard in Resources */ = {isa = PBXBuildFile; fileRef = 42B9FD171F72946C0090136F /* LaunchScreen.storyboard */; };
		42B9FD221F7298C70090136F /* SecondViewController.m in Sources */ = {isa = PBXBuildFile; fileRef = 42B9FD211F7298C70090136F /* SecondViewController.m */; };
		42B9FD251F729A530090136F /* FirstVC.m in Sources */ = {isa = PBXBuildFile; fileRef = 42B9FD241F729A530090136F /* FirstVC.m */; };
		42B9FD281F72B1CD0090136F /* build in Resources */ = {isa = PBXBuildFile; fileRef = 42B9FD261F72B1CD0090136F /* build */; };
		42B9FD291F72B1CD0090136F /* kitchen-sink-ios in Resources */ = {isa = PBXBuildFile; fileRef = 42B9FD271F72B1CD0090136F /* kitchen-sink-ios */; };
/* End PBXBuildFile section */

/* Begin PBXFileReference section */
		42B9FD061F72946C0090136F /* multiWebviewExample.app */ = {isa = PBXFileReference; explicitFileType = wrapper.application; includeInIndex = 0; path = multiWebviewExample.app; sourceTree = BUILT_PRODUCTS_DIR; };
		42B9FD0A1F72946C0090136F /* main.m */ = {isa = PBXFileReference; lastKnownFileType = sourcecode.c.objc; path = main.m; sourceTree = "<group>"; };
		42B9FD0C1F72946C0090136F /* AppDelegate.h */ = {isa = PBXFileReference; lastKnownFileType = sourcecode.c.h; path = AppDelegate.h; sourceTree = "<group>"; };
		42B9FD0D1F72946C0090136F /* AppDelegate.m */ = {isa = PBXFileReference; lastKnownFileType = sourcecode.c.objc; path = AppDelegate.m; sourceTree = "<group>"; };
		42B9FD131F72946C0090136F /* Base */ = {isa = PBXFileReference; lastKnownFileType = file.storyboard; name = Base; path = Base.lproj/Main.storyboard; sourceTree = "<group>"; };
		42B9FD151F72946C0090136F /* Assets.xcassets */ = {isa = PBXFileReference; lastKnownFileType = folder.assetcatalog; path = Assets.xcassets; sourceTree = "<group>"; };
		42B9FD181F72946C0090136F /* Base */ = {isa = PBXFileReference; lastKnownFileType = file.storyboard; name = Base; path = Base.lproj/LaunchScreen.storyboard; sourceTree = "<group>"; };
		42B9FD1A1F72946C0090136F /* Info.plist */ = {isa = PBXFileReference; lastKnownFileType = text.plist.xml; path = Info.plist; sourceTree = "<group>"; };
		42B9FD201F7298C70090136F /* SecondViewController.h */ = {isa = PBXFileReference; fileEncoding = 4; lastKnownFileType = sourcecode.c.h; path = SecondViewController.h; sourceTree = "<group>"; };
		42B9FD211F7298C70090136F /* SecondViewController.m */ = {isa = PBXFileReference; fileEncoding = 4; lastKnownFileType = sourcecode.c.objc; path = SecondViewController.m; sourceTree = "<group>"; };
		42B9FD231F729A530090136F /* FirstVC.h */ = {isa = PBXFileReference; fileEncoding = 4; lastKnownFileType = sourcecode.c.h; path = FirstVC.h; sourceTree = "<group>"; };
		42B9FD241F729A530090136F /* FirstVC.m */ = {isa = PBXFileReference; fileEncoding = 4; lastKnownFileType = sourcecode.c.objc; path = FirstVC.m; sourceTree = "<group>"; };
		42B9FD261F72B1CD0090136F /* build */ = {isa = PBXFileReference; lastKnownFileType = folder; path = build; sourceTree = "<group>"; };
		42B9FD271F72B1CD0090136F /* kitchen-sink-ios */ = {isa = PBXFileReference; lastKnownFileType = folder; path = "kitchen-sink-ios"; sourceTree = "<group>"; };
/* End PBXFileReference section */

/* Begin PBXFrameworksBuildPhase section */
		42B9FD031F72946C0090136F /* Frameworks */ = {
			isa = PBXFrameworksBuildPhase;
			buildActionMask = 2147483647;
			files = (
			);
			runOnlyForDeploymentPostprocessing = 0;
		};
/* End PBXFrameworksBuildPhase section */

/* Begin PBXGroup section */
		42B9FCFD1F72946C0090136F = {
			isa = PBXGroup;
			children = (
				42B9FD081F72946C0090136F /* multiWebviewExample */,
				42B9FD071F72946C0090136F /* Products */,
			);
			sourceTree = "<group>";
		};
		42B9FD071F72946C0090136F /* Products */ = {
			isa = PBXGroup;
			children = (
				42B9FD061F72946C0090136F /* multiWebviewExample.app */,
			);
			name = Products;
			sourceTree = "<group>";
		};
		42B9FD081F72946C0090136F /* multiWebviewExample */ = {
			isa = PBXGroup;
			children = (
				42B9FD0C1F72946C0090136F /* AppDelegate.h */,
				42B9FD0D1F72946C0090136F /* AppDelegate.m */,
				42B9FD261F72B1CD0090136F /* build */,
				42B9FD271F72B1CD0090136F /* kitchen-sink-ios */,
				42B9FD201F7298C70090136F /* SecondViewController.h */,
				42B9FD211F7298C70090136F /* SecondViewController.m */,
				42B9FD121F72946C0090136F /* Main.storyboard */,
				42B9FD231F729A530090136F /* FirstVC.h */,
				42B9FD241F729A530090136F /* FirstVC.m */,
				42B9FD151F72946C0090136F /* Assets.xcassets */,
				42B9FD171F72946C0090136F /* LaunchScreen.storyboard */,
				42B9FD1A1F72946C0090136F /* Info.plist */,
				42B9FD091F72946C0090136F /* Supporting Files */,
			);
			path = multiWebviewExample;
			sourceTree = "<group>";
		};
		42B9FD091F72946C0090136F /* Supporting Files */ = {
			isa = PBXGroup;
			children = (
				42B9FD0A1F72946C0090136F /* main.m */,
			);
			name = "Supporting Files";
			sourceTree = "<group>";
		};
/* End PBXGroup section */

/* Begin PBXNativeTarget section */
		42B9FD051F72946C0090136F /* multiWebviewExample */ = {
			isa = PBXNativeTarget;
			buildConfigurationList = 42B9FD1D1F72946C0090136F /* Build configuration list for PBXNativeTarget "multiWebviewExample" */;
			buildPhases = (
				42B9FD021F72946C0090136F /* Sources */,
				42B9FD031F72946C0090136F /* Frameworks */,
				42B9FD041F72946C0090136F /* Resources */,
			);
			buildRules = (
			);
			dependencies = (
			);
			name = multiWebviewExample;
			productName = multiWebviewExample;
			productReference = 42B9FD061F72946C0090136F /* multiWebviewExample.app */;
			productType = "com.apple.product-type.application";
		};
/* End PBXNativeTarget section */

/* Begin PBXProject section */
		42B9FCFE1F72946C0090136F /* Project object */ = {
			isa = PBXProject;
			attributes = {
				LastUpgradeCheck = 0830;
				ORGANIZATIONNAME = "Lisa Lau";
				TargetAttributes = {
					42B9FD051F72946C0090136F = {
						CreatedOnToolsVersion = 8.3.2;
						DevelopmentTeam = 469Z9F553G;
						ProvisioningStyle = Automatic;
					};
				};
			};
			buildConfigurationList = 42B9FD011F72946C0090136F /* Build configuration list for PBXProject "multiWebviewExample" */;
			compatibilityVersion = "Xcode 3.2";
			developmentRegion = English;
			hasScannedForEncodings = 0;
			knownRegions = (
				en,
				Base,
			);
			mainGroup = 42B9FCFD1F72946C0090136F;
			productRefGroup = 42B9FD071F72946C0090136F /* Products */;
			projectDirPath = "";
			projectRoot = "";
			targets = (
				42B9FD051F72946C0090136F /* multiWebviewExample */,
			);
		};
/* End PBXProject section */

/* Begin PBXResourcesBuildPhase section */
		42B9FD041F72946C0090136F /* Resources */ = {
			isa = PBXResourcesBuildPhase;
			buildActionMask = 2147483647;
			files = (
				42B9FD191F72946C0090136F /* LaunchScreen.storyboard in Resources */,
				42B9FD281F72B1CD0090136F /* build in Resources */,
				42B9FD291F72B1CD0090136F /* kitchen-sink-ios in Resources */,
				42B9FD161F72946C0090136F /* Assets.xcassets in Resources */,
				42B9FD141F72946C0090136F /* Main.storyboard in Resources */,
			);
			runOnlyForDeploymentPostprocessing = 0;
		};
/* End PBXResourcesBuildPhase section */

/* Begin PBXSourcesBuildPhase section */
		42B9FD021F72946C0090136F /* Sources */ = {
			isa = PBXSourcesBuildPhase;
			buildActionMask = 2147483647;
			files = (
				42B9FD221F7298C70090136F /* SecondViewController.m in Sources */,
				42B9FD251F729A530090136F /* FirstVC.m in Sources */,
				42B9FD0E1F72946C0090136F /* AppDelegate.m in Sources */,
				42B9FD0B1F72946C0090136F /* main.m in Sources */,
			);
			runOnlyForDeploymentPostprocessing = 0;
		};
/* End PBXSourcesBuildPhase section */

/* Begin PBXVariantGroup section */
		42B9FD121F72946C0090136F /* Main.storyboard */ = {
			isa = PBXVariantGroup;
			children = (
				42B9FD131F72946C0090136F /* Base */,
			);
			name = Main.storyboard;
			sourceTree = "<group>";
		};
		42B9FD171F72946C0090136F /* LaunchScreen.storyboard */ = {
			isa = PBXVariantGroup;
			children = (
				42B9FD181F72946C0090136F /* Base */,
			);
			name = LaunchScreen.storyboard;
			sourceTree = "<group>";
		};
/* End PBXVariantGroup section */

/* Begin XCBuildConfiguration section */
		42B9FD1B1F72946C0090136F /* Debug */ = {
			isa = XCBuildConfiguration;
			buildSettings = {
				ALWAYS_SEARCH_USER_PATHS = NO;
				CLANG_ANALYZER_NONNULL = YES;
				CLANG_ANALYZER_NUMBER_OBJECT_CONVERSION = YES_AGGRESSIVE;
				CLANG_CXX_LANGUAGE_STANDARD = "gnu++0x";
				CLANG_CXX_LIBRARY = "libc++";
				CLANG_ENABLE_MODULES = YES;
				CLANG_ENABLE_OBJC_ARC = YES;
				CLANG_WARN_BOOL_CONVERSION = YES;
				CLANG_WARN_CONSTANT_CONVERSION = YES;
				CLANG_WARN_DIRECT_OBJC_ISA_USAGE = YES_ERROR;
				CLANG_WARN_DOCUMENTATION_COMMENTS = YES;
				CLANG_WARN_EMPTY_BODY = YES;
				CLANG_WARN_ENUM_CONVERSION = YES;
				CLANG_WARN_INFINITE_RECURSION = YES;
				CLANG_WARN_INT_CONVERSION = YES;
				CLANG_WARN_OBJC_ROOT_CLASS = YES_ERROR;
				CLANG_WARN_SUSPICIOUS_MOVE = YES;
				CLANG_WARN_UNREACHABLE_CODE = YES;
				CLANG_WARN__DUPLICATE_METHOD_MATCH = YES;
				"CODE_SIGN_IDENTITY[sdk=iphoneos*]" = "iPhone Developer";
				COPY_PHASE_STRIP = NO;
				DEBUG_INFORMATION_FORMAT = dwarf;
				ENABLE_STRICT_OBJC_MSGSEND = YES;
				ENABLE_TESTABILITY = YES;
				GCC_C_LANGUAGE_STANDARD = gnu99;
				GCC_DYNAMIC_NO_PIC = NO;
				GCC_NO_COMMON_BLOCKS = YES;
				GCC_OPTIMIZATION_LEVEL = 0;
				GCC_PREPROCESSOR_DEFINITIONS = (
					"DEBUG=1",
					"$(inherited)",
				);
				GCC_WARN_64_TO_32_BIT_CONVERSION = YES;
				GCC_WARN_ABOUT_RETURN_TYPE = YES_ERROR;
				GCC_WARN_UNDECLARED_SELECTOR = YES;
				GCC_WARN_UNINITIALIZED_AUTOS = YES_AGGRESSIVE;
				GCC_WARN_UNUSED_FUNCTION = YES;
				GCC_WARN_UNUSED_VARIABLE = YES;
				IPHONEOS_DEPLOYMENT_TARGET = 10.3;
				MTL_ENABLE_DEBUG_INFO = YES;
				ONLY_ACTIVE_ARCH = YES;
				SDKROOT = iphoneos;
				TARGETED_DEVICE_FAMILY = "1,2";
			};
			name = Debug;
		};
		42B9FD1C1F72946C0090136F /* Release */ = {
			isa = XCBuildConfiguration;
			buildSettings = {
				ALWAYS_SEARCH_USER_PATHS = NO;
				CLANG_ANALYZER_NONNULL = YES;
				CLANG_ANALYZER_NUMBER_OBJECT_CONVERSION = YES_AGGRESSIVE;
				CLANG_CXX_LANGUAGE_STANDARD = "gnu++0x";
				CLANG_CXX_LIBRARY = "libc++";
				CLANG_ENABLE_MODULES = YES;
				CLANG_ENABLE_OBJC_ARC = YES;
				CLANG_WARN_BOOL_CONVERSION = YES;
				CLANG_WARN_CONSTANT_CONVERSION = YES;
				CLANG_WARN_DIRECT_OBJC_ISA_USAGE = YES_ERROR;
				CLANG_WARN_DOCUMENTATION_COMMENTS = YES;
				CLANG_WARN_EMPTY_BODY = YES;
				CLANG_WARN_ENUM_CONVERSION = YES;
				CLANG_WARN_INFINITE_RECURSION = YES;
				CLANG_WARN_INT_CONVERSION = YES;
				CLANG_WARN_OBJC_ROOT_CLASS = YES_ERROR;
				CLANG_WARN_SUSPICIOUS_MOVE = YES;
				CLANG_WARN_UNREACHABLE_CODE = YES;
				CLANG_WARN__DUPLICATE_METHOD_MATCH = YES;
				"CODE_SIGN_IDENTITY[sdk=iphoneos*]" = "iPhone Developer";
				COPY_PHASE_STRIP = NO;
				DEBUG_INFORMATION_FORMAT = "dwarf-with-dsym";
				ENABLE_NS_ASSERTIONS = NO;
				ENABLE_STRICT_OBJC_MSGSEND = YES;
				GCC_C_LANGUAGE_STANDARD = gnu99;
				GCC_NO_COMMON_BLOCKS = YES;
				GCC_WARN_64_TO_32_BIT_CONVERSION = YES;
				GCC_WARN_ABOUT_RETURN_TYPE = YES_ERROR;
				GCC_WARN_UNDECLARED_SELECTOR = YES;
				GCC_WARN_UNINITIALIZED_AUTOS = YES_AGGRESSIVE;
				GCC_WARN_UNUSED_FUNCTION = YES;
				GCC_WARN_UNUSED_VARIABLE = YES;
				IPHONEOS_DEPLOYMENT_TARGET = 10.3;
				MTL_ENABLE_DEBUG_INFO = NO;
				SDKROOT = iphoneos;
				TARGETED_DEVICE_FAMILY = "1,2";
				VALIDATE_PRODUCT = YES;
			};
			name = Release;
		};
		42B9FD1E1F72946C0090136F /* Debug */ = {
			isa = XCBuildConfiguration;
			buildSettings = {
				ASSETCATALOG_COMPILER_APPICON_NAME = AppIcon;
				DEVELOPMENT_TEAM = 469Z9F553G;
				INFOPLIST_FILE = multiWebviewExample/Info.plist;
				LD_RUNPATH_SEARCH_PATHS = "$(inherited) @executable_path/Frameworks";
				PRODUCT_BUNDLE_IDENTIFIER = com.lisa.multiWebviewExample;
				PRODUCT_NAME = "$(TARGET_NAME)";
			};
			name = Debug;
		};
		42B9FD1F1F72946C0090136F /* Release */ = {
			isa = XCBuildConfiguration;
			buildSettings = {
				ASSETCATALOG_COMPILER_APPICON_NAME = AppIcon;
				DEVELOPMENT_TEAM = 469Z9F553G;
				INFOPLIST_FILE = multiWebviewExample/Info.plist;
				LD_RUNPATH_SEARCH_PATHS = "$(inherited) @executable_path/Frameworks";
				PRODUCT_BUNDLE_IDENTIFIER = com.lisa.multiWebviewExample;
				PRODUCT_NAME = "$(TARGET_NAME)";
			};
			name = Release;
		};
/* End XCBuildConfiguration section */

/* Begin XCConfigurationList section */
		42B9FD011F72946C0090136F /* Build configuration list for PBXProject "multiWebviewExample" */ = {
			isa = XCConfigurationList;
			buildConfigurations = (
				42B9FD1B1F72946C0090136F /* Debug */,
				42B9FD1C1F72946C0090136F /* Release */,
			);
			defaultConfigurationIsVisible = 0;
			defaultConfigurationName = Release;
		};
		42B9FD1D1F72946C0090136F /* Build configuration list for PBXNativeTarget "multiWebviewExample" */ = {
			isa = XCConfigurationList;
			buildConfigurations = (
				42B9FD1E1F72946C0090136F /* Debug */,
				42B9FD1F1F72946C0090136F /* Release */,
			);
			defaultConfigurationIsVisible = 0;
		};
/* End XCConfigurationList section */
	};
	rootObject = 42B9FCFE1F72946C0090136F /* Project object */;
}
